{
  "nodes": {
    "nixpkgs": {
      "locked": {
        "lastModified": 1644033087,
        "narHash": "sha256-beskas17YPhrcnanzywake9/z+k+xOWmavW24YUN8ng=",
        "owner": "nixos",
        "repo": "nixpkgs",
        "rev": "9f697d60e4d9f08eacf549502528bfaed859d33b",
        "type": "github"
      },
      "original": {
        "id": "nixpkgs",
        "type": "indirect"
      }
    },
    "root": {
      "inputs": {
        "nixpkgs": "nixpkgs",
        "utils": "utils"
      }
    },
    "utils": {
      "locked": {
        "lastModified": 1644229661,
        "narHash": "sha256-1YdnJAsNy69bpcjuoKdOYQX0YxZBiCYZo4Twxerqv7k=",
        "owner": "numtide",
        "repo": "flake-utils",
        "rev": "3cecb5b042f7f209c56ffd8371b2711a290ec797",
        "type": "github"
      },
      "original": {
        "owner": "numtide",
        "repo": "flake-utils",
        "type": "github"
      }
    }
  },
  "root": "root",
  "version": 7
}
